// !$*UTF8*$!
{
	archiveVersion = 1;
	classes = {
	};
	objectVersion = 56;
	objects = {

/* Begin PBXBuildFile section */
		861E46E4298F3F430082839D /* RemainingIngredientsViewController.swift in Sources */ = {isa = PBXBuildFile; fileRef = 861E46E3298F3F430082839D /* RemainingIngredientsViewController.swift */; };
		861E46E7298F45B70082839D /* ScaleViewController.swift in Sources */ = {isa = PBXBuildFile; fileRef = 861E46E6298F45B70082839D /* ScaleViewController.swift */; };
		8640E8E02991FFF600842B23 /* IngredientStruct.swift in Sources */ = {isa = PBXBuildFile; fileRef = 8640E8DF2991FFF600842B23 /* IngredientStruct.swift */; };
		8640E8EA2993171100842B23 /* ScalrTests.swift in Sources */ = {isa = PBXBuildFile; fileRef = 8640E8E92993171100842B23 /* ScalrTests.swift */; };
		8652E13C299065B60045A7EF /* CustomScaledTableViewCell.swift in Sources */ = {isa = PBXBuildFile; fileRef = 8652E13A299065B60045A7EF /* CustomScaledTableViewCell.swift */; };
		8652E13D299065B60045A7EF /* CustomScaledTableViewCell.xib in Resources */ = {isa = PBXBuildFile; fileRef = 8652E13B299065B60045A7EF /* CustomScaledTableViewCell.xib */; };
		8655BCDA298DF19E0059A601 /* AppDelegate.swift in Sources */ = {isa = PBXBuildFile; fileRef = 8655BCD9298DF19E0059A601 /* AppDelegate.swift */; };
		8655BCDC298DF19E0059A601 /* SceneDelegate.swift in Sources */ = {isa = PBXBuildFile; fileRef = 8655BCDB298DF19E0059A601 /* SceneDelegate.swift */; };
		8655BCDE298DF19E0059A601 /* ViewController.swift in Sources */ = {isa = PBXBuildFile; fileRef = 8655BCDD298DF19E0059A601 /* ViewController.swift */; };
		8655BCE1298DF19E0059A601 /* Main.storyboard in Resources */ = {isa = PBXBuildFile; fileRef = 8655BCDF298DF19E0059A601 /* Main.storyboard */; };
		8655BCE3298DF1A20059A601 /* Assets.xcassets in Resources */ = {isa = PBXBuildFile; fileRef = 8655BCE2298DF1A20059A601 /* Assets.xcassets */; };
		8655BCE6298DF1A20059A601 /* LaunchScreen.storyboard in Resources */ = {isa = PBXBuildFile; fileRef = 8655BCE4298DF1A20059A601 /* LaunchScreen.storyboard */; };
		8655BCEE298E0E410059A601 /* Ingredient.swift in Sources */ = {isa = PBXBuildFile; fileRef = 8655BCED298E0E410059A601 /* Ingredient.swift */; };
		8687A6CB29BFF75A00530AF5 /* IngredientTests.swift in Sources */ = {isa = PBXBuildFile; fileRef = 8687A6CA29BFF75A00530AF5 /* IngredientTests.swift */; };
		86EC7E0D29902944009F6719 /* CustomTableViewCell.swift in Sources */ = {isa = PBXBuildFile; fileRef = 86EC7E0B29902944009F6719 /* CustomTableViewCell.swift */; };
		86EC7E0E29902944009F6719 /* CustomTableViewCell.xib in Resources */ = {isa = PBXBuildFile; fileRef = 86EC7E0C29902944009F6719 /* CustomTableViewCell.xib */; };
		86ED06C629911D9A00838960 /* Rational.swift in Sources */ = {isa = PBXBuildFile; fileRef = 86ED06C529911D9A00838960 /* Rational.swift */; };
/* End PBXBuildFile section */

/* Begin PBXContainerItemProxy section */
		8640E8EB2993171100842B23 /* PBXContainerItemProxy */ = {
			isa = PBXContainerItemProxy;
			containerPortal = 8655BCCE298DF19E0059A601 /* Project object */;
			proxyType = 1;
			remoteGlobalIDString = 8655BCD5298DF19E0059A601;
			remoteInfo = Scalr;
		};
/* End PBXContainerItemProxy section */

/* Begin PBXFileReference section */
		861E46E3298F3F430082839D /* RemainingIngredientsViewController.swift */ = {isa = PBXFileReference; lastKnownFileType = sourcecode.swift; path = RemainingIngredientsViewController.swift; sourceTree = "<group>"; };
		861E46E6298F45B70082839D /* ScaleViewController.swift */ = {isa = PBXFileReference; lastKnownFileType = sourcecode.swift; path = ScaleViewController.swift; sourceTree = "<group>"; };
		8640E8DF2991FFF600842B23 /* IngredientStruct.swift */ = {isa = PBXFileReference; lastKnownFileType = sourcecode.swift; path = IngredientStruct.swift; sourceTree = "<group>"; };
		8640E8E72993171100842B23 /* ScalrTests.xctest */ = {isa = PBXFileReference; explicitFileType = wrapper.cfbundle; includeInIndex = 0; path = ScalrTests.xctest; sourceTree = BUILT_PRODUCTS_DIR; };
		8640E8E92993171100842B23 /* ScalrTests.swift */ = {isa = PBXFileReference; lastKnownFileType = sourcecode.swift; path = ScalrTests.swift; sourceTree = "<group>"; };
		8652E13A299065B60045A7EF /* CustomScaledTableViewCell.swift */ = {isa = PBXFileReference; lastKnownFileType = sourcecode.swift; path = CustomScaledTableViewCell.swift; sourceTree = "<group>"; };
		8652E13B299065B60045A7EF /* CustomScaledTableViewCell.xib */ = {isa = PBXFileReference; lastKnownFileType = file.xib; path = CustomScaledTableViewCell.xib; sourceTree = "<group>"; };
		8655BCD6298DF19E0059A601 /* Scalr.app */ = {isa = PBXFileReference; explicitFileType = wrapper.application; includeInIndex = 0; path = Scalr.app; sourceTree = BUILT_PRODUCTS_DIR; };
		8655BCD9298DF19E0059A601 /* AppDelegate.swift */ = {isa = PBXFileReference; lastKnownFileType = sourcecode.swift; path = AppDelegate.swift; sourceTree = "<group>"; };
		8655BCDB298DF19E0059A601 /* SceneDelegate.swift */ = {isa = PBXFileReference; lastKnownFileType = sourcecode.swift; path = SceneDelegate.swift; sourceTree = "<group>"; };
		8655BCDD298DF19E0059A601 /* ViewController.swift */ = {isa = PBXFileReference; lastKnownFileType = sourcecode.swift; path = ViewController.swift; sourceTree = "<group>"; };
		8655BCE0298DF19E0059A601 /* Base */ = {isa = PBXFileReference; lastKnownFileType = file.storyboard; name = Base; path = Base.lproj/Main.storyboard; sourceTree = "<group>"; };
		8655BCE2298DF1A20059A601 /* Assets.xcassets */ = {isa = PBXFileReference; lastKnownFileType = folder.assetcatalog; path = Assets.xcassets; sourceTree = "<group>"; };
		8655BCE5298DF1A20059A601 /* Base */ = {isa = PBXFileReference; lastKnownFileType = file.storyboard; name = Base; path = Base.lproj/LaunchScreen.storyboard; sourceTree = "<group>"; };
		8655BCE7298DF1A20059A601 /* Info.plist */ = {isa = PBXFileReference; lastKnownFileType = text.plist.xml; path = Info.plist; sourceTree = "<group>"; };
		8655BCED298E0E410059A601 /* Ingredient.swift */ = {isa = PBXFileReference; lastKnownFileType = sourcecode.swift; path = Ingredient.swift; sourceTree = "<group>"; };
		8687A6CA29BFF75A00530AF5 /* IngredientTests.swift */ = {isa = PBXFileReference; lastKnownFileType = sourcecode.swift; path = IngredientTests.swift; sourceTree = "<group>"; };
		86EC7E0B29902944009F6719 /* CustomTableViewCell.swift */ = {isa = PBXFileReference; lastKnownFileType = sourcecode.swift; path = CustomTableViewCell.swift; sourceTree = "<group>"; };
		86EC7E0C29902944009F6719 /* CustomTableViewCell.xib */ = {isa = PBXFileReference; lastKnownFileType = file.xib; path = CustomTableViewCell.xib; sourceTree = "<group>"; };
		86ED06C529911D9A00838960 /* Rational.swift */ = {isa = PBXFileReference; lastKnownFileType = sourcecode.swift; path = Rational.swift; sourceTree = "<group>"; };
/* End PBXFileReference section */

/* Begin PBXFrameworksBuildPhase section */
		8640E8E42993171100842B23 /* Frameworks */ = {
			isa = PBXFrameworksBuildPhase;
			buildActionMask = 2147483647;
			files = (
			);
			runOnlyForDeploymentPostprocessing = 0;
		};
		8655BCD3298DF19E0059A601 /* Frameworks */ = {
			isa = PBXFrameworksBuildPhase;
			buildActionMask = 2147483647;
			files = (
			);
			runOnlyForDeploymentPostprocessing = 0;
		};
/* End PBXFrameworksBuildPhase section */

/* Begin PBXGroup section */
		861E46E5298F3F4F0082839D /* Controllers */ = {
			isa = PBXGroup;
			children = (
				8655BCDD298DF19E0059A601 /* ViewController.swift */,
				861E46E3298F3F430082839D /* RemainingIngredientsViewController.swift */,
				861E46E6298F45B70082839D /* ScaleViewController.swift */,
			);
			path = Controllers;
			sourceTree = "<group>";
		};
		8640E8E82993171100842B23 /* ScalrTests */ = {
			isa = PBXGroup;
			children = (
				8640E8E92993171100842B23 /* ScalrTests.swift */,
				8687A6CA29BFF75A00530AF5 /* IngredientTests.swift */,
			);
			path = ScalrTests;
			sourceTree = "<group>";
		};
		8652E139299064060045A7EF /* CustomTableCells */ = {
			isa = PBXGroup;
			children = (
				86EC7E0B29902944009F6719 /* CustomTableViewCell.swift */,
				86EC7E0C29902944009F6719 /* CustomTableViewCell.xib */,
				8652E13A299065B60045A7EF /* CustomScaledTableViewCell.swift */,
				8652E13B299065B60045A7EF /* CustomScaledTableViewCell.xib */,
			);
			path = CustomTableCells;
			sourceTree = "<group>";
		};
		8655BCCD298DF19E0059A601 = {
			isa = PBXGroup;
			children = (
				8655BCD8298DF19E0059A601 /* Scalr */,
				8640E8E82993171100842B23 /* ScalrTests */,
				8655BCD7298DF19E0059A601 /* Products */,
			);
			sourceTree = "<group>";
		};
		8655BCD7298DF19E0059A601 /* Products */ = {
			isa = PBXGroup;
			children = (
				8655BCD6298DF19E0059A601 /* Scalr.app */,
				8640E8E72993171100842B23 /* ScalrTests.xctest */,
			);
			name = Products;
			sourceTree = "<group>";
		};
		8655BCD8298DF19E0059A601 /* Scalr */ = {
			isa = PBXGroup;
			children = (
				8655BCD9298DF19E0059A601 /* AppDelegate.swift */,
				8655BCDB298DF19E0059A601 /* SceneDelegate.swift */,
				8655BCEF298E0E490059A601 /* Models */,
				861E46E5298F3F4F0082839D /* Controllers */,
				8655BCDF298DF19E0059A601 /* Main.storyboard */,
				8655BCE2298DF1A20059A601 /* Assets.xcassets */,
				8655BCE4298DF1A20059A601 /* LaunchScreen.storyboard */,
				8655BCE7298DF1A20059A601 /* Info.plist */,
				8652E139299064060045A7EF /* CustomTableCells */,
			);
			path = Scalr;
			sourceTree = "<group>";
		};
		8655BCEF298E0E490059A601 /* Models */ = {
			isa = PBXGroup;
			children = (
				8655BCED298E0E410059A601 /* Ingredient.swift */,
				86ED06C529911D9A00838960 /* Rational.swift */,
				8640E8DF2991FFF600842B23 /* IngredientStruct.swift */,
			);
			path = Models;
			sourceTree = "<group>";
		};
/* End PBXGroup section */

/* Begin PBXNativeTarget section */
		8640E8E62993171100842B23 /* ScalrTests */ = {
			isa = PBXNativeTarget;
			buildConfigurationList = 8640E8ED2993171100842B23 /* Build configuration list for PBXNativeTarget "ScalrTests" */;
			buildPhases = (
				8640E8E32993171100842B23 /* Sources */,
				8640E8E42993171100842B23 /* Frameworks */,
				8640E8E52993171100842B23 /* Resources */,
			);
			buildRules = (
			);
			dependencies = (
				8640E8EC2993171100842B23 /* PBXTargetDependency */,
			);
			name = ScalrTests;
			productName = ScalrTests;
			productReference = 8640E8E72993171100842B23 /* ScalrTests.xctest */;
			productType = "com.apple.product-type.bundle.unit-test";
		};
		8655BCD5298DF19E0059A601 /* Scalr */ = {
			isa = PBXNativeTarget;
			buildConfigurationList = 8655BCEA298DF1A20059A601 /* Build configuration list for PBXNativeTarget "Scalr" */;
			buildPhases = (
				8655BCD2298DF19E0059A601 /* Sources */,
				8655BCD3298DF19E0059A601 /* Frameworks */,
				8655BCD4298DF19E0059A601 /* Resources */,
			);
			buildRules = (
			);
			dependencies = (
			);
			name = Scalr;
			productName = Scalr;
			productReference = 8655BCD6298DF19E0059A601 /* Scalr.app */;
			productType = "com.apple.product-type.application";
		};
/* End PBXNativeTarget section */

/* Begin PBXProject section */
		8655BCCE298DF19E0059A601 /* Project object */ = {
			isa = PBXProject;
			attributes = {
				BuildIndependentTargetsInParallel = 1;
				LastSwiftUpdateCheck = 1420;
				LastUpgradeCheck = 1420;
				TargetAttributes = {
					8640E8E62993171100842B23 = {
						CreatedOnToolsVersion = 14.2;
						TestTargetID = 8655BCD5298DF19E0059A601;
					};
					8655BCD5298DF19E0059A601 = {
						CreatedOnToolsVersion = 14.2;
					};
				};
			};
			buildConfigurationList = 8655BCD1298DF19E0059A601 /* Build configuration list for PBXProject "Scalr" */;
			compatibilityVersion = "Xcode 14.0";
			developmentRegion = en;
			hasScannedForEncodings = 0;
			knownRegions = (
				en,
				Base,
			);
			mainGroup = 8655BCCD298DF19E0059A601;
			productRefGroup = 8655BCD7298DF19E0059A601 /* Products */;
			projectDirPath = "";
			projectRoot = "";
			targets = (
				8655BCD5298DF19E0059A601 /* Scalr */,
				8640E8E62993171100842B23 /* ScalrTests */,
			);
		};
/* End PBXProject section */

/* Begin PBXResourcesBuildPhase section */
		8640E8E52993171100842B23 /* Resources */ = {
			isa = PBXResourcesBuildPhase;
			buildActionMask = 2147483647;
			files = (
			);
			runOnlyForDeploymentPostprocessing = 0;
		};
		8655BCD4298DF19E0059A601 /* Resources */ = {
			isa = PBXResourcesBuildPhase;
			buildActionMask = 2147483647;
			files = (
				8655BCE6298DF1A20059A601 /* LaunchScreen.storyboard in Resources */,
				8655BCE3298DF1A20059A601 /* Assets.xcassets in Resources */,
				86EC7E0E29902944009F6719 /* CustomTableViewCell.xib in Resources */,
				8655BCE1298DF19E0059A601 /* Main.storyboard in Resources */,
				8652E13D299065B60045A7EF /* CustomScaledTableViewCell.xib in Resources */,
			);
			runOnlyForDeploymentPostprocessing = 0;
		};
/* End PBXResourcesBuildPhase section */

/* Begin PBXSourcesBuildPhase section */
		8640E8E32993171100842B23 /* Sources */ = {
			isa = PBXSourcesBuildPhase;
			buildActionMask = 2147483647;
			files = (
				8687A6CB29BFF75A00530AF5 /* IngredientTests.swift in Sources */,
				8640E8EA2993171100842B23 /* ScalrTests.swift in Sources */,
			);
			runOnlyForDeploymentPostprocessing = 0;
		};
		8655BCD2298DF19E0059A601 /* Sources */ = {
			isa = PBXSourcesBuildPhase;
			buildActionMask = 2147483647;
			files = (
				861E46E4298F3F430082839D /* RemainingIngredientsViewController.swift in Sources */,
				8655BCEE298E0E410059A601 /* Ingredient.swift in Sources */,
				8640E8E02991FFF600842B23 /* IngredientStruct.swift in Sources */,
				86ED06C629911D9A00838960 /* Rational.swift in Sources */,
				8655BCDE298DF19E0059A601 /* ViewController.swift in Sources */,
				86EC7E0D29902944009F6719 /* CustomTableViewCell.swift in Sources */,
				8652E13C299065B60045A7EF /* CustomScaledTableViewCell.swift in Sources */,
				861E46E7298F45B70082839D /* ScaleViewController.swift in Sources */,
				8655BCDA298DF19E0059A601 /* AppDelegate.swift in Sources */,
				8655BCDC298DF19E0059A601 /* SceneDelegate.swift in Sources */,
			);
			runOnlyForDeploymentPostprocessing = 0;
		};
/* End PBXSourcesBuildPhase section */

/* Begin PBXTargetDependency section */
		8640E8EC2993171100842B23 /* PBXTargetDependency */ = {
			isa = PBXTargetDependency;
			target = 8655BCD5298DF19E0059A601 /* Scalr */;
			targetProxy = 8640E8EB2993171100842B23 /* PBXContainerItemProxy */;
		};
/* End PBXTargetDependency section */

/* Begin PBXVariantGroup section */
		8655BCDF298DF19E0059A601 /* Main.storyboard */ = {
			isa = PBXVariantGroup;
			children = (
				8655BCE0298DF19E0059A601 /* Base */,
			);
			name = Main.storyboard;
			sourceTree = "<group>";
		};
		8655BCE4298DF1A20059A601 /* LaunchScreen.storyboard */ = {
			isa = PBXVariantGroup;
			children = (
				8655BCE5298DF1A20059A601 /* Base */,
			);
			name = LaunchScreen.storyboard;
			sourceTree = "<group>";
		};
/* End PBXVariantGroup section */

/* Begin XCBuildConfiguration section */
		8640E8EE2993171100842B23 /* Debug */ = {
			isa = XCBuildConfiguration;
			buildSettings = {
				BUNDLE_LOADER = "$(TEST_HOST)";
				CODE_SIGN_STYLE = Automatic;
				CURRENT_PROJECT_VERSION = 1;
				DEVELOPMENT_TEAM = 29JELNPR9K;
				GENERATE_INFOPLIST_FILE = YES;
				MARKETING_VERSION = 1.0;
				PRODUCT_BUNDLE_IDENTIFIER = com.mikeheft.ScalrTests;
				PRODUCT_NAME = "$(TARGET_NAME)";
				SWIFT_EMIT_LOC_STRINGS = NO;
				SWIFT_VERSION = 5.0;
				TARGETED_DEVICE_FAMILY = "1,2";
				TEST_HOST = "$(BUILT_PRODUCTS_DIR)/Scalr.app/$(BUNDLE_EXECUTABLE_FOLDER_PATH)/Scalr";
			};
			name = Debug;
		};
		8640E8EF2993171100842B23 /* Release */ = {
			isa = XCBuildConfiguration;
			buildSettings = {
				BUNDLE_LOADER = "$(TEST_HOST)";
				CODE_SIGN_STYLE = Automatic;
				CURRENT_PROJECT_VERSION = 1;
				DEVELOPMENT_TEAM = 29JELNPR9K;
				GENERATE_INFOPLIST_FILE = YES;
				MARKETING_VERSION = 1.0;
				PRODUCT_BUNDLE_IDENTIFIER = com.mikeheft.ScalrTests;
				PRODUCT_NAME = "$(TARGET_NAME)";
				SWIFT_EMIT_LOC_STRINGS = NO;
				SWIFT_VERSION = 5.0;
				TARGETED_DEVICE_FAMILY = "1,2";
				TEST_HOST = "$(BUILT_PRODUCTS_DIR)/Scalr.app/$(BUNDLE_EXECUTABLE_FOLDER_PATH)/Scalr";
			};
			name = Release;
		};
		8655BCE8298DF1A20059A601 /* Debug */ = {
			isa = XCBuildConfiguration;
			buildSettings = {
				ALWAYS_SEARCH_USER_PATHS = NO;
				CLANG_ANALYZER_NONNULL = YES;
				CLANG_ANALYZER_NUMBER_OBJECT_CONVERSION = YES_AGGRESSIVE;
				CLANG_CXX_LANGUAGE_STANDARD = "gnu++20";
				CLANG_ENABLE_MODULES = YES;
				CLANG_ENABLE_OBJC_ARC = YES;
				CLANG_ENABLE_OBJC_WEAK = YES;
				CLANG_WARN_BLOCK_CAPTURE_AUTORELEASING = YES;
				CLANG_WARN_BOOL_CONVERSION = YES;
				CLANG_WARN_COMMA = YES;
				CLANG_WARN_CONSTANT_CONVERSION = YES;
				CLANG_WARN_DEPRECATED_OBJC_IMPLEMENTATIONS = YES;
				CLANG_WARN_DIRECT_OBJC_ISA_USAGE = YES_ERROR;
				CLANG_WARN_DOCUMENTATION_COMMENTS = YES;
				CLANG_WARN_EMPTY_BODY = YES;
				CLANG_WARN_ENUM_CONVERSION = YES;
				CLANG_WARN_INFINITE_RECURSION = YES;
				CLANG_WARN_INT_CONVERSION = YES;
				CLANG_WARN_NON_LITERAL_NULL_CONVERSION = YES;
				CLANG_WARN_OBJC_IMPLICIT_RETAIN_SELF = YES;
				CLANG_WARN_OBJC_LITERAL_CONVERSION = YES;
				CLANG_WARN_OBJC_ROOT_CLASS = YES_ERROR;
				CLANG_WARN_QUOTED_INCLUDE_IN_FRAMEWORK_HEADER = YES;
				CLANG_WARN_RANGE_LOOP_ANALYSIS = YES;
				CLANG_WARN_STRICT_PROTOTYPES = YES;
				CLANG_WARN_SUSPICIOUS_MOVE = YES;
				CLANG_WARN_UNGUARDED_AVAILABILITY = YES_AGGRESSIVE;
				CLANG_WARN_UNREACHABLE_CODE = YES;
				CLANG_WARN__DUPLICATE_METHOD_MATCH = YES;
				COPY_PHASE_STRIP = NO;
				DEBUG_INFORMATION_FORMAT = dwarf;
				ENABLE_STRICT_OBJC_MSGSEND = YES;
				ENABLE_TESTABILITY = YES;
				GCC_C_LANGUAGE_STANDARD = gnu11;
				GCC_DYNAMIC_NO_PIC = NO;
				GCC_NO_COMMON_BLOCKS = YES;
				GCC_OPTIMIZATION_LEVEL = 0;
				GCC_PREPROCESSOR_DEFINITIONS = (
					"DEBUG=1",
					"$(inherited)",
				);
				GCC_WARN_64_TO_32_BIT_CONVERSION = YES;
				GCC_WARN_ABOUT_RETURN_TYPE = YES_ERROR;
				GCC_WARN_UNDECLARED_SELECTOR = YES;
				GCC_WARN_UNINITIALIZED_AUTOS = YES_AGGRESSIVE;
				GCC_WARN_UNUSED_FUNCTION = YES;
				GCC_WARN_UNUSED_VARIABLE = YES;
				IPHONEOS_DEPLOYMENT_TARGET = 16.2;
				MTL_ENABLE_DEBUG_INFO = INCLUDE_SOURCE;
				MTL_FAST_MATH = YES;
				ONLY_ACTIVE_ARCH = YES;
				SDKROOT = iphoneos;
				SWIFT_ACTIVE_COMPILATION_CONDITIONS = DEBUG;
				SWIFT_OPTIMIZATION_LEVEL = "-Onone";
			};
			name = Debug;
		};
		8655BCE9298DF1A20059A601 /* Release */ = {
			isa = XCBuildConfiguration;
			buildSettings = {
				ALWAYS_SEARCH_USER_PATHS = NO;
				CLANG_ANALYZER_NONNULL = YES;
				CLANG_ANALYZER_NUMBER_OBJECT_CONVERSION = YES_AGGRESSIVE;
				CLANG_CXX_LANGUAGE_STANDARD = "gnu++20";
				CLANG_ENABLE_MODULES = YES;
				CLANG_ENABLE_OBJC_ARC = YES;
				CLANG_ENABLE_OBJC_WEAK = YES;
				CLANG_WARN_BLOCK_CAPTURE_AUTORELEASING = YES;
				CLANG_WARN_BOOL_CONVERSION = YES;
				CLANG_WARN_COMMA = YES;
				CLANG_WARN_CONSTANT_CONVERSION = YES;
				CLANG_WARN_DEPRECATED_OBJC_IMPLEMENTATIONS = YES;
				CLANG_WARN_DIRECT_OBJC_ISA_USAGE = YES_ERROR;
				CLANG_WARN_DOCUMENTATION_COMMENTS = YES;
				CLANG_WARN_EMPTY_BODY = YES;
				CLANG_WARN_ENUM_CONVERSION = YES;
				CLANG_WARN_INFINITE_RECURSION = YES;
				CLANG_WARN_INT_CONVERSION = YES;
				CLANG_WARN_NON_LITERAL_NULL_CONVERSION = YES;
				CLANG_WARN_OBJC_IMPLICIT_RETAIN_SELF = YES;
				CLANG_WARN_OBJC_LITERAL_CONVERSION = YES;
				CLANG_WARN_OBJC_ROOT_CLASS = YES_ERROR;
				CLANG_WARN_QUOTED_INCLUDE_IN_FRAMEWORK_HEADER = YES;
				CLANG_WARN_RANGE_LOOP_ANALYSIS = YES;
				CLANG_WARN_STRICT_PROTOTYPES = YES;
				CLANG_WARN_SUSPICIOUS_MOVE = YES;
				CLANG_WARN_UNGUARDED_AVAILABILITY = YES_AGGRESSIVE;
				CLANG_WARN_UNREACHABLE_CODE = YES;
				CLANG_WARN__DUPLICATE_METHOD_MATCH = YES;
				COPY_PHASE_STRIP = NO;
				DEBUG_INFORMATION_FORMAT = "dwarf-with-dsym";
				ENABLE_NS_ASSERTIONS = NO;
				ENABLE_STRICT_OBJC_MSGSEND = YES;
				GCC_C_LANGUAGE_STANDARD = gnu11;
				GCC_NO_COMMON_BLOCKS = YES;
				GCC_WARN_64_TO_32_BIT_CONVERSION = YES;
				GCC_WARN_ABOUT_RETURN_TYPE = YES_ERROR;
				GCC_WARN_UNDECLARED_SELECTOR = YES;
				GCC_WARN_UNINITIALIZED_AUTOS = YES_AGGRESSIVE;
				GCC_WARN_UNUSED_FUNCTION = YES;
				GCC_WARN_UNUSED_VARIABLE = YES;
				IPHONEOS_DEPLOYMENT_TARGET = 16.2;
				MTL_ENABLE_DEBUG_INFO = NO;
				MTL_FAST_MATH = YES;
				SDKROOT = iphoneos;
				SWIFT_COMPILATION_MODE = wholemodule;
				SWIFT_OPTIMIZATION_LEVEL = "-O";
				VALIDATE_PRODUCT = YES;
			};
			name = Release;
		};
		8655BCEB298DF1A20059A601 /* Debug */ = {
			isa = XCBuildConfiguration;
			buildSettings = {
				ASSETCATALOG_COMPILER_APPICON_NAME = AppIcon;
				ASSETCATALOG_COMPILER_GLOBAL_ACCENT_COLOR_NAME = AccentColor;
				CODE_SIGN_STYLE = Automatic;
				CURRENT_PROJECT_VERSION = 1;
				DEVELOPMENT_TEAM = 29JELNPR9K;
				GENERATE_INFOPLIST_FILE = YES;
				INFOPLIST_FILE = Scalr/Info.plist;
				INFOPLIST_KEY_UIApplicationSupportsIndirectInputEvents = YES;
				INFOPLIST_KEY_UILaunchStoryboardName = LaunchScreen;
				INFOPLIST_KEY_UIMainStoryboardFile = Main;
				INFOPLIST_KEY_UIRequiresFullScreen = YES;
				INFOPLIST_KEY_UIStatusBarStyle = UIStatusBarStyleLightContent;
				INFOPLIST_KEY_UISupportedInterfaceOrientations = UIInterfaceOrientationPortrait;
				IPHONEOS_DEPLOYMENT_TARGET = 16.1;
				LD_RUNPATH_SEARCH_PATHS = (
					"$(inherited)",
					"@executable_path/Frameworks",
				);
				MARKETING_VERSION = 1.0;
				PRODUCT_BUNDLE_IDENTIFIER = com.mikeheft.Scalr;
				PRODUCT_NAME = "$(TARGET_NAME)";
				SWIFT_EMIT_LOC_STRINGS = YES;
				SWIFT_VERSION = 5.0;
				TARGETED_DEVICE_FAMILY = "1,2";
			};
			name = Debug;
		};
		8655BCEC298DF1A20059A601 /* Release */ = {
			isa = XCBuildConfiguration;
			buildSettings = {
				ASSETCATALOG_COMPILER_APPICON_NAME = AppIcon;
				ASSETCATALOG_COMPILER_GLOBAL_ACCENT_COLOR_NAME = AccentColor;
				CODE_SIGN_STYLE = Automatic;
				CURRENT_PROJECT_VERSION = 1;
				DEVELOPMENT_TEAM = 29JELNPR9K;
				GENERATE_INFOPLIST_FILE = YES;
				INFOPLIST_FILE = Scalr/Info.plist;
				INFOPLIST_KEY_UIApplicationSupportsIndirectInputEvents = YES;
				INFOPLIST_KEY_UILaunchStoryboardName = LaunchScreen;
				INFOPLIST_KEY_UIMainStoryboardFile = Main;
				INFOPLIST_KEY_UIRequiresFullScreen = YES;
				INFOPLIST_KEY_UIStatusBarStyle = UIStatusBarStyleLightContent;
				INFOPLIST_KEY_UISupportedInterfaceOrientations = UIInterfaceOrientationPortrait;
				IPHONEOS_DEPLOYMENT_TARGET = 16.1;
				LD_RUNPATH_SEARCH_PATHS = (
					"$(inherited)",
					"@executable_path/Frameworks",
				);
				MARKETING_VERSION = 1.0;
				PRODUCT_BUNDLE_IDENTIFIER = com.mikeheft.Scalr;
				PRODUCT_NAME = "$(TARGET_NAME)";
				SWIFT_EMIT_LOC_STRINGS = YES;
				SWIFT_VERSION = 5.0;
				TARGETED_DEVICE_FAMILY = "1,2";
			};
			name = Release;
		};
/* End XCBuildConfiguration section */

/* Begin XCConfigurationList section */
		8640E8ED2993171100842B23 /* Build configuration list for PBXNativeTarget "ScalrTests" */ = {
			isa = XCConfigurationList;
			buildConfigurations = (
				8640E8EE2993171100842B23 /* Debug */,
				8640E8EF2993171100842B23 /* Release */,
			);
			defaultConfigurationIsVisible = 0;
			defaultConfigurationName = Release;
		};
		8655BCD1298DF19E0059A601 /* Build configuration list for PBXProject "Scalr" */ = {
			isa = XCConfigurationList;
			buildConfigurations = (
				8655BCE8298DF1A20059A601 /* Debug */,
				8655BCE9298DF1A20059A601 /* Release */,
			);
			defaultConfigurationIsVisible = 0;
			defaultConfigurationName = Release;
		};
		8655BCEA298DF1A20059A601 /* Build configuration list for PBXNativeTarget "Scalr" */ = {
			isa = XCConfigurationList;
			buildConfigurations = (
				8655BCEB298DF1A20059A601 /* Debug */,
				8655BCEC298DF1A20059A601 /* Release */,
			);
			defaultConfigurationIsVisible = 0;
			defaultConfigurationName = Release;
		};
/* End XCConfigurationList section */
	};
	rootObject = 8655BCCE298DF19E0059A601 /* Project object */;
}
